
Microsoft Visual Studio Solution File, Format Version 12.00
# Visual Studio 15
VisualStudioVersion = 15.0.28307.168
MinimumVisualStudioVersion = 10.0.40219.1
Project("{FAE04EC0-301F-11D3-BF4B-00C04F79EFBC}") = "exo3V", "exo3V\exo3V.csproj", "{95E8711B-796E-423B-89DA-3488FD9628E7}"
EndProject
Global
	GlobalSection(SolutionConfigurationPlatforms) = preSolution
		Debug|Any CPU = Debug|Any CPU
		Release|Any CPU = Release|Any CPU
	EndGlobalSection
	GlobalSection(ProjectConfigurationPlatforms) = postSolution
		{95E8711B-796E-423B-89DA-3488FD9628E7}.Debug|Any CPU.ActiveCfg = Debug|Any CPU
		{95E8711B-796E-423B-89DA-3488FD9628E7}.Debug|Any CPU.Build.0 = Debug|Any CPU
		{95E8711B-796E-423B-89DA-3488FD9628E7}.Release|Any CPU.ActiveCfg = Release|Any CPU
		{95E8711B-796E-423B-89DA-3488FD9628E7}.Release|Any CPU.Build.0 = Release|Any CPU
	EndGlobalSection
	GlobalSection(SolutionProperties) = preSolution
		HideSolutionNode = FALSE
	EndGlobalSection
	GlobalSection(ExtensibilityGlobals) = postSolution
		SolutionGuid = {48465CBB-7ECE-4448-8B5E-EFB783F9C472}
	EndGlobalSection
EndGlobal
