
Microsoft Visual Studio Solution File, Format Version 12.00
# Visual Studio 15
VisualStudioVersion = 15.0.28307.168
MinimumVisualStudioVersion = 10.0.40219.1
Project("{FAE04EC0-301F-11D3-BF4B-00C04F79EFBC}") = "EXO3T", "EXO3T\EXO3T.csproj", "{B620A56E-6EE4-40E0-AEDC-9BB0F95BE995}"
EndProject
Global
	GlobalSection(SolutionConfigurationPlatforms) = preSolution
		Debug|Any CPU = Debug|Any CPU
		Release|Any CPU = Release|Any CPU
	EndGlobalSection
	GlobalSection(ProjectConfigurationPlatforms) = postSolution
		{B620A56E-6EE4-40E0-AEDC-9BB0F95BE995}.Debug|Any CPU.ActiveCfg = Debug|Any CPU
		{B620A56E-6EE4-40E0-AEDC-9BB0F95BE995}.Debug|Any CPU.Build.0 = Debug|Any CPU
		{B620A56E-6EE4-40E0-AEDC-9BB0F95BE995}.Release|Any CPU.ActiveCfg = Release|Any CPU
		{B620A56E-6EE4-40E0-AEDC-9BB0F95BE995}.Release|Any CPU.Build.0 = Release|Any CPU
	EndGlobalSection
	GlobalSection(SolutionProperties) = preSolution
		HideSolutionNode = FALSE
	EndGlobalSection
	GlobalSection(ExtensibilityGlobals) = postSolution
		SolutionGuid = {2568B0FA-B76B-49FC-A31D-31E9A47228D7}
	EndGlobalSection
EndGlobal
