
Microsoft Visual Studio Solution File, Format Version 12.00
# Visual Studio 15
VisualStudioVersion = 15.0.28307.168
MinimumVisualStudioVersion = 10.0.40219.1
Project("{FAE04EC0-301F-11D3-BF4B-00C04F79EFBC}") = "EXO6C", "EXO6C\EXO6C.csproj", "{EF6CB95C-1C23-4382-9EFE-92990D508282}"
EndProject
Global
	GlobalSection(SolutionConfigurationPlatforms) = preSolution
		Debug|Any CPU = Debug|Any CPU
		Release|Any CPU = Release|Any CPU
	EndGlobalSection
	GlobalSection(ProjectConfigurationPlatforms) = postSolution
		{EF6CB95C-1C23-4382-9EFE-92990D508282}.Debug|Any CPU.ActiveCfg = Debug|Any CPU
		{EF6CB95C-1C23-4382-9EFE-92990D508282}.Debug|Any CPU.Build.0 = Debug|Any CPU
		{EF6CB95C-1C23-4382-9EFE-92990D508282}.Release|Any CPU.ActiveCfg = Release|Any CPU
		{EF6CB95C-1C23-4382-9EFE-92990D508282}.Release|Any CPU.Build.0 = Release|Any CPU
	EndGlobalSection
	GlobalSection(SolutionProperties) = preSolution
		HideSolutionNode = FALSE
	EndGlobalSection
	GlobalSection(ExtensibilityGlobals) = postSolution
		SolutionGuid = {7C37EB6A-F4D2-48A3-B0B4-71CC0A56C903}
	EndGlobalSection
EndGlobal
