
Microsoft Visual Studio Solution File, Format Version 12.00
# Visual Studio 15
VisualStudioVersion = 15.0.28307.168
MinimumVisualStudioVersion = 10.0.40219.1
Project("{FAE04EC0-301F-11D3-BF4B-00C04F79EFBC}") = "EXO2C", "EXO2C\EXO2C.csproj", "{6647C9AD-00F1-485B-B9F6-A9346CC0D836}"
EndProject
Global
	GlobalSection(SolutionConfigurationPlatforms) = preSolution
		Debug|Any CPU = Debug|Any CPU
		Release|Any CPU = Release|Any CPU
	EndGlobalSection
	GlobalSection(ProjectConfigurationPlatforms) = postSolution
		{6647C9AD-00F1-485B-B9F6-A9346CC0D836}.Debug|Any CPU.ActiveCfg = Debug|Any CPU
		{6647C9AD-00F1-485B-B9F6-A9346CC0D836}.Debug|Any CPU.Build.0 = Debug|Any CPU
		{6647C9AD-00F1-485B-B9F6-A9346CC0D836}.Release|Any CPU.ActiveCfg = Release|Any CPU
		{6647C9AD-00F1-485B-B9F6-A9346CC0D836}.Release|Any CPU.Build.0 = Release|Any CPU
	EndGlobalSection
	GlobalSection(SolutionProperties) = preSolution
		HideSolutionNode = FALSE
	EndGlobalSection
	GlobalSection(ExtensibilityGlobals) = postSolution
		SolutionGuid = {6A9DA46E-615D-4D85-A3A7-E02C642754C5}
	EndGlobalSection
EndGlobal
