
Microsoft Visual Studio Solution File, Format Version 12.00
# Visual Studio 15
VisualStudioVersion = 15.0.28307.168
MinimumVisualStudioVersion = 10.0.40219.1
Project("{FAE04EC0-301F-11D3-BF4B-00C04F79EFBC}") = "EXO7B", "EXO7B\EXO7B.csproj", "{A958B85B-7857-497A-998D-5487684D37A5}"
EndProject
Global
	GlobalSection(SolutionConfigurationPlatforms) = preSolution
		Debug|Any CPU = Debug|Any CPU
		Release|Any CPU = Release|Any CPU
	EndGlobalSection
	GlobalSection(ProjectConfigurationPlatforms) = postSolution
		{A958B85B-7857-497A-998D-5487684D37A5}.Debug|Any CPU.ActiveCfg = Debug|Any CPU
		{A958B85B-7857-497A-998D-5487684D37A5}.Debug|Any CPU.Build.0 = Debug|Any CPU
		{A958B85B-7857-497A-998D-5487684D37A5}.Release|Any CPU.ActiveCfg = Release|Any CPU
		{A958B85B-7857-497A-998D-5487684D37A5}.Release|Any CPU.Build.0 = Release|Any CPU
	EndGlobalSection
	GlobalSection(SolutionProperties) = preSolution
		HideSolutionNode = FALSE
	EndGlobalSection
	GlobalSection(ExtensibilityGlobals) = postSolution
		SolutionGuid = {41925BF5-D795-40AB-BD4F-49E5AE9B6EC0}
	EndGlobalSection
EndGlobal
