
Microsoft Visual Studio Solution File, Format Version 12.00
# Visual Studio 15
VisualStudioVersion = 15.0.28307.168
MinimumVisualStudioVersion = 10.0.40219.1
Project("{FAE04EC0-301F-11D3-BF4B-00C04F79EFBC}") = "EXO5C", "EXO5C\EXO5C.csproj", "{3DAEB15B-47D8-4790-94E0-8F7FA3FAF9CD}"
EndProject
Global
	GlobalSection(SolutionConfigurationPlatforms) = preSolution
		Debug|Any CPU = Debug|Any CPU
		Release|Any CPU = Release|Any CPU
	EndGlobalSection
	GlobalSection(ProjectConfigurationPlatforms) = postSolution
		{3DAEB15B-47D8-4790-94E0-8F7FA3FAF9CD}.Debug|Any CPU.ActiveCfg = Debug|Any CPU
		{3DAEB15B-47D8-4790-94E0-8F7FA3FAF9CD}.Debug|Any CPU.Build.0 = Debug|Any CPU
		{3DAEB15B-47D8-4790-94E0-8F7FA3FAF9CD}.Release|Any CPU.ActiveCfg = Release|Any CPU
		{3DAEB15B-47D8-4790-94E0-8F7FA3FAF9CD}.Release|Any CPU.Build.0 = Release|Any CPU
	EndGlobalSection
	GlobalSection(SolutionProperties) = preSolution
		HideSolutionNode = FALSE
	EndGlobalSection
	GlobalSection(ExtensibilityGlobals) = postSolution
		SolutionGuid = {46381EDC-EF33-45B3-A04E-728BEE86584B}
	EndGlobalSection
EndGlobal
