
Microsoft Visual Studio Solution File, Format Version 12.00
# Visual Studio 15
VisualStudioVersion = 15.0.28307.168
MinimumVisualStudioVersion = 10.0.40219.1
Project("{FAE04EC0-301F-11D3-BF4B-00C04F79EFBC}") = "EXO8B", "EXO8B\EXO8B.csproj", "{2E7E8EC3-DC8C-4167-8635-D95C2CC208A3}"
EndProject
Global
	GlobalSection(SolutionConfigurationPlatforms) = preSolution
		Debug|Any CPU = Debug|Any CPU
		Release|Any CPU = Release|Any CPU
	EndGlobalSection
	GlobalSection(ProjectConfigurationPlatforms) = postSolution
		{2E7E8EC3-DC8C-4167-8635-D95C2CC208A3}.Debug|Any CPU.ActiveCfg = Debug|Any CPU
		{2E7E8EC3-DC8C-4167-8635-D95C2CC208A3}.Debug|Any CPU.Build.0 = Debug|Any CPU
		{2E7E8EC3-DC8C-4167-8635-D95C2CC208A3}.Release|Any CPU.ActiveCfg = Release|Any CPU
		{2E7E8EC3-DC8C-4167-8635-D95C2CC208A3}.Release|Any CPU.Build.0 = Release|Any CPU
	EndGlobalSection
	GlobalSection(SolutionProperties) = preSolution
		HideSolutionNode = FALSE
	EndGlobalSection
	GlobalSection(ExtensibilityGlobals) = postSolution
		SolutionGuid = {DCCB4F24-BE36-4F38-95B0-155B7CC62A08}
	EndGlobalSection
EndGlobal
