
Microsoft Visual Studio Solution File, Format Version 12.00
# Visual Studio 15
VisualStudioVersion = 15.0.28307.168
MinimumVisualStudioVersion = 10.0.40219.1
Project("{FAE04EC0-301F-11D3-BF4B-00C04F79EFBC}") = "EXO3B", "EXO3B\EXO3B.csproj", "{3DC5F1CF-B784-405F-B7F7-1C8D4FA56461}"
EndProject
Global
	GlobalSection(SolutionConfigurationPlatforms) = preSolution
		Debug|Any CPU = Debug|Any CPU
		Release|Any CPU = Release|Any CPU
	EndGlobalSection
	GlobalSection(ProjectConfigurationPlatforms) = postSolution
		{3DC5F1CF-B784-405F-B7F7-1C8D4FA56461}.Debug|Any CPU.ActiveCfg = Debug|Any CPU
		{3DC5F1CF-B784-405F-B7F7-1C8D4FA56461}.Debug|Any CPU.Build.0 = Debug|Any CPU
		{3DC5F1CF-B784-405F-B7F7-1C8D4FA56461}.Release|Any CPU.ActiveCfg = Release|Any CPU
		{3DC5F1CF-B784-405F-B7F7-1C8D4FA56461}.Release|Any CPU.Build.0 = Release|Any CPU
	EndGlobalSection
	GlobalSection(SolutionProperties) = preSolution
		HideSolutionNode = FALSE
	EndGlobalSection
	GlobalSection(ExtensibilityGlobals) = postSolution
		SolutionGuid = {A99060E2-6B9B-444A-BBAB-DC7A61992426}
	EndGlobalSection
EndGlobal
