
Microsoft Visual Studio Solution File, Format Version 12.00
# Visual Studio 15
VisualStudioVersion = 15.0.28307.168
MinimumVisualStudioVersion = 10.0.40219.1
Project("{FAE04EC0-301F-11D3-BF4B-00C04F79EFBC}") = "EXO2T", "EXO2T\EXO2T.csproj", "{08F956E5-7A9F-4E1D-B37B-50D5CACEED70}"
EndProject
Global
	GlobalSection(SolutionConfigurationPlatforms) = preSolution
		Debug|Any CPU = Debug|Any CPU
		Release|Any CPU = Release|Any CPU
	EndGlobalSection
	GlobalSection(ProjectConfigurationPlatforms) = postSolution
		{08F956E5-7A9F-4E1D-B37B-50D5CACEED70}.Debug|Any CPU.ActiveCfg = Debug|Any CPU
		{08F956E5-7A9F-4E1D-B37B-50D5CACEED70}.Debug|Any CPU.Build.0 = Debug|Any CPU
		{08F956E5-7A9F-4E1D-B37B-50D5CACEED70}.Release|Any CPU.ActiveCfg = Release|Any CPU
		{08F956E5-7A9F-4E1D-B37B-50D5CACEED70}.Release|Any CPU.Build.0 = Release|Any CPU
	EndGlobalSection
	GlobalSection(SolutionProperties) = preSolution
		HideSolutionNode = FALSE
	EndGlobalSection
	GlobalSection(ExtensibilityGlobals) = postSolution
		SolutionGuid = {E36925CE-C772-40B6-86D4-673296A75EEE}
	EndGlobalSection
EndGlobal
