
Microsoft Visual Studio Solution File, Format Version 12.00
# Visual Studio 15
VisualStudioVersion = 15.0.28307.168
MinimumVisualStudioVersion = 10.0.40219.1
Project("{FAE04EC0-301F-11D3-BF4B-00C04F79EFBC}") = "EXO8V", "EXO8V\EXO8V.csproj", "{B6EB3E27-94FC-449B-AD7F-E340E760B27D}"
EndProject
Global
	GlobalSection(SolutionConfigurationPlatforms) = preSolution
		Debug|Any CPU = Debug|Any CPU
		Release|Any CPU = Release|Any CPU
	EndGlobalSection
	GlobalSection(ProjectConfigurationPlatforms) = postSolution
		{B6EB3E27-94FC-449B-AD7F-E340E760B27D}.Debug|Any CPU.ActiveCfg = Debug|Any CPU
		{B6EB3E27-94FC-449B-AD7F-E340E760B27D}.Debug|Any CPU.Build.0 = Debug|Any CPU
		{B6EB3E27-94FC-449B-AD7F-E340E760B27D}.Release|Any CPU.ActiveCfg = Release|Any CPU
		{B6EB3E27-94FC-449B-AD7F-E340E760B27D}.Release|Any CPU.Build.0 = Release|Any CPU
	EndGlobalSection
	GlobalSection(SolutionProperties) = preSolution
		HideSolutionNode = FALSE
	EndGlobalSection
	GlobalSection(ExtensibilityGlobals) = postSolution
		SolutionGuid = {6E84E88F-F282-424E-B21D-08B879FE0CC6}
	EndGlobalSection
EndGlobal
